
Microsoft Visual Studio Solution File, Format Version 12.00
# Visual Studio Version 17
VisualStudioVersion = 17.8.34330.188
MinimumVisualStudioVersion = 10.0.40219.1
Project("{FAE04EC0-301F-11D3-BF4B-00C04F79EFBC}") = "Exams_Planning", "Exams_Planning\Exams_Planning.csproj", "{343CD98F-251A-4060-94E0-4A691FDE21DE}"
EndProject
Global
	GlobalSection(SolutionConfigurationPlatforms) = preSolution
		Debug|Any CPU = Debug|Any CPU
		Release|Any CPU = Release|Any CPU
	EndGlobalSection
	GlobalSection(ProjectConfigurationPlatforms) = postSolution
		{343CD98F-251A-4060-94E0-4A691FDE21DE}.Debug|Any CPU.ActiveCfg = Debug|Any CPU
		{343CD98F-251A-4060-94E0-4A691FDE21DE}.Debug|Any CPU.Build.0 = Debug|Any CPU
		{343CD98F-251A-4060-94E0-4A691FDE21DE}.Release|Any CPU.ActiveCfg = Release|Any CPU
		{343CD98F-251A-4060-94E0-4A691FDE21DE}.Release|Any CPU.Build.0 = Release|Any CPU
	EndGlobalSection
	GlobalSection(SolutionProperties) = preSolution
		HideSolutionNode = FALSE
	EndGlobalSection
	GlobalSection(ExtensibilityGlobals) = postSolution
		SolutionGuid = {6FB8F696-D4F2-4E36-9785-5E4C14363F5A}
	EndGlobalSection
EndGlobal
